// !$*UTF8*$!
{
	archiveVersion = 1;
	classes = {
	};
	objectVersion = 56;
	objects = {

/* Begin PBXBuildFile section */
		B230EAED2A6185C90037DA8B /* Tic_Tac_TowApp.swift in Sources */ = {isa = PBXBuildFile; fileRef = B230EAEC2A6185C90037DA8B /* Tic_Tac_TowApp.swift */; };
		B230EAEF2A6185C90037DA8B /* ContentView.swift in Sources */ = {isa = PBXBuildFile; fileRef = B230EAEE2A6185C90037DA8B /* ContentView.swift */; };
		B230EAF12A6185CA0037DA8B /* Assets.xcassets in Resources */ = {isa = PBXBuildFile; fileRef = B230EAF02A6185CA0037DA8B /* Assets.xcassets */; };
		B230EAF42A6185CA0037DA8B /* Preview Assets.xcassets in Resources */ = {isa = PBXBuildFile; fileRef = B230EAF32A6185CA0037DA8B /* Preview Assets.xcassets */; };
		B230EAFE2A6185CA0037DA8B /* Tic_Tac_TowTests.swift in Sources */ = {isa = PBXBuildFile; fileRef = B230EAFD2A6185CA0037DA8B /* Tic_Tac_TowTests.swift */; };
		B230EB082A6185CA0037DA8B /* Tic_Tac_TowUITests.swift in Sources */ = {isa = PBXBuildFile; fileRef = B230EB072A6185CA0037DA8B /* Tic_Tac_TowUITests.swift */; };
		B230EB0A2A6185CA0037DA8B /* Tic_Tac_TowUITestsLaunchTests.swift in Sources */ = {isa = PBXBuildFile; fileRef = B230EB092A6185CA0037DA8B /* Tic_Tac_TowUITestsLaunchTests.swift */; };
/* End PBXBuildFile section */

/* Begin PBXContainerItemProxy section */
		B230EAFA2A6185CA0037DA8B /* PBXContainerItemProxy */ = {
			isa = PBXContainerItemProxy;
			containerPortal = B230EAE12A6185C90037DA8B /* Project object */;
			proxyType = 1;
			remoteGlobalIDString = B230EAE82A6185C90037DA8B;
			remoteInfo = "Tic-Tac-Tow";
		};
		B230EB042A6185CA0037DA8B /* PBXContainerItemProxy */ = {
			isa = PBXContainerItemProxy;
			containerPortal = B230EAE12A6185C90037DA8B /* Project object */;
			proxyType = 1;
			remoteGlobalIDString = B230EAE82A6185C90037DA8B;
			remoteInfo = "Tic-Tac-Tow";
		};
/* End PBXContainerItemProxy section */

/* Begin PBXFileReference section */
		B230EAE92A6185C90037DA8B /* Tic-Tac-Tow.app */ = {isa = PBXFileReference; explicitFileType = wrapper.application; includeInIndex = 0; path = "Tic-Tac-Tow.app"; sourceTree = BUILT_PRODUCTS_DIR; };
		B230EAEC2A6185C90037DA8B /* Tic_Tac_TowApp.swift */ = {isa = PBXFileReference; lastKnownFileType = sourcecode.swift; path = Tic_Tac_TowApp.swift; sourceTree = "<group>"; };
		B230EAEE2A6185C90037DA8B /* ContentView.swift */ = {isa = PBXFileReference; lastKnownFileType = sourcecode.swift; path = ContentView.swift; sourceTree = "<group>"; };
		B230EAF02A6185CA0037DA8B /* Assets.xcassets */ = {isa = PBXFileReference; lastKnownFileType = folder.assetcatalog; path = Assets.xcassets; sourceTree = "<group>"; };
		B230EAF32A6185CA0037DA8B /* Preview Assets.xcassets */ = {isa = PBXFileReference; lastKnownFileType = folder.assetcatalog; path = "Preview Assets.xcassets"; sourceTree = "<group>"; };
		B230EAF92A6185CA0037DA8B /* Tic-Tac-TowTests.xctest */ = {isa = PBXFileReference; explicitFileType = wrapper.cfbundle; includeInIndex = 0; path = "Tic-Tac-TowTests.xctest"; sourceTree = BUILT_PRODUCTS_DIR; };
		B230EAFD2A6185CA0037DA8B /* Tic_Tac_TowTests.swift */ = {isa = PBXFileReference; lastKnownFileType = sourcecode.swift; path = Tic_Tac_TowTests.swift; sourceTree = "<group>"; };
		B230EB032A6185CA0037DA8B /* Tic-Tac-TowUITests.xctest */ = {isa = PBXFileReference; explicitFileType = wrapper.cfbundle; includeInIndex = 0; path = "Tic-Tac-TowUITests.xctest"; sourceTree = BUILT_PRODUCTS_DIR; };
		B230EB072A6185CA0037DA8B /* Tic_Tac_TowUITests.swift */ = {isa = PBXFileReference; lastKnownFileType = sourcecode.swift; path = Tic_Tac_TowUITests.swift; sourceTree = "<group>"; };
		B230EB092A6185CA0037DA8B /* Tic_Tac_TowUITestsLaunchTests.swift */ = {isa = PBXFileReference; lastKnownFileType = sourcecode.swift; path = Tic_Tac_TowUITestsLaunchTests.swift; sourceTree = "<group>"; };
/* End PBXFileReference section */

/* Begin PBXFrameworksBuildPhase section */
		B230EAE62A6185C90037DA8B /* Frameworks */ = {
			isa = PBXFrameworksBuildPhase;
			buildActionMask = 2147483647;
			files = (
			);
			runOnlyForDeploymentPostprocessing = 0;
		};
		B230EAF62A6185CA0037DA8B /* Frameworks */ = {
			isa = PBXFrameworksBuildPhase;
			buildActionMask = 2147483647;
			files = (
			);
			runOnlyForDeploymentPostprocessing = 0;
		};
		B230EB002A6185CA0037DA8B /* Frameworks */ = {
			isa = PBXFrameworksBuildPhase;
			buildActionMask = 2147483647;
			files = (
			);
			runOnlyForDeploymentPostprocessing = 0;
		};
/* End PBXFrameworksBuildPhase section */

/* Begin PBXGroup section */
		B230EAE02A6185C90037DA8B = {
			isa = PBXGroup;
			children = (
				B230EAEB2A6185C90037DA8B /* Tic-Tac-Tow */,
				B230EAFC2A6185CA0037DA8B /* Tic-Tac-TowTests */,
				B230EB062A6185CA0037DA8B /* Tic-Tac-TowUITests */,
				B230EAEA2A6185C90037DA8B /* Products */,
			);
			sourceTree = "<group>";
		};
		B230EAEA2A6185C90037DA8B /* Products */ = {
			isa = PBXGroup;
			children = (
				B230EAE92A6185C90037DA8B /* Tic-Tac-Tow.app */,
				B230EAF92A6185CA0037DA8B /* Tic-Tac-TowTests.xctest */,
				B230EB032A6185CA0037DA8B /* Tic-Tac-TowUITests.xctest */,
			);
			name = Products;
			sourceTree = "<group>";
		};
		B230EAEB2A6185C90037DA8B /* Tic-Tac-Tow */ = {
			isa = PBXGroup;
			children = (
				B230EAEC2A6185C90037DA8B /* Tic_Tac_TowApp.swift */,
				B230EAEE2A6185C90037DA8B /* ContentView.swift */,
				B230EAF02A6185CA0037DA8B /* Assets.xcassets */,
				B230EAF22A6185CA0037DA8B /* Preview Content */,
			);
			path = "Tic-Tac-Tow";
			sourceTree = "<group>";
		};
		B230EAF22A6185CA0037DA8B /* Preview Content */ = {
			isa = PBXGroup;
			children = (
				B230EAF32A6185CA0037DA8B /* Preview Assets.xcassets */,
			);
			path = "Preview Content";
			sourceTree = "<group>";
		};
		B230EAFC2A6185CA0037DA8B /* Tic-Tac-TowTests */ = {
			isa = PBXGroup;
			children = (
				B230EAFD2A6185CA0037DA8B /* Tic_Tac_TowTests.swift */,
			);
			path = "Tic-Tac-TowTests";
			sourceTree = "<group>";
		};
		B230EB062A6185CA0037DA8B /* Tic-Tac-TowUITests */ = {
			isa = PBXGroup;
			children = (
				B230EB072A6185CA0037DA8B /* Tic_Tac_TowUITests.swift */,
				B230EB092A6185CA0037DA8B /* Tic_Tac_TowUITestsLaunchTests.swift */,
			);
			path = "Tic-Tac-TowUITests";
			sourceTree = "<group>";
		};
/* End PBXGroup section */

/* Begin PBXNativeTarget section */
		B230EAE82A6185C90037DA8B /* Tic-Tac-Tow */ = {
			isa = PBXNativeTarget;
			buildConfigurationList = B230EB0D2A6185CA0037DA8B /* Build configuration list for PBXNativeTarget "Tic-Tac-Tow" */;
			buildPhases = (
				B230EAE52A6185C90037DA8B /* Sources */,
				B230EAE62A6185C90037DA8B /* Frameworks */,
				B230EAE72A6185C90037DA8B /* Resources */,
			);
			buildRules = (
			);
			dependencies = (
			);
			name = "Tic-Tac-Tow";
			productName = "Tic-Tac-Tow";
			productReference = B230EAE92A6185C90037DA8B /* Tic-Tac-Tow.app */;
			productType = "com.apple.product-type.application";
		};
		B230EAF82A6185CA0037DA8B /* Tic-Tac-TowTests */ = {
			isa = PBXNativeTarget;
			buildConfigurationList = B230EB102A6185CA0037DA8B /* Build configuration list for PBXNativeTarget "Tic-Tac-TowTests" */;
			buildPhases = (
				B230EAF52A6185CA0037DA8B /* Sources */,
				B230EAF62A6185CA0037DA8B /* Frameworks */,
				B230EAF72A6185CA0037DA8B /* Resources */,
			);
			buildRules = (
			);
			dependencies = (
				B230EAFB2A6185CA0037DA8B /* PBXTargetDependency */,
			);
			name = "Tic-Tac-TowTests";
			productName = "Tic-Tac-TowTests";
			productReference = B230EAF92A6185CA0037DA8B /* Tic-Tac-TowTests.xctest */;
			productType = "com.apple.product-type.bundle.unit-test";
		};
		B230EB022A6185CA0037DA8B /* Tic-Tac-TowUITests */ = {
			isa = PBXNativeTarget;
			buildConfigurationList = B230EB132A6185CA0037DA8B /* Build configuration list for PBXNativeTarget "Tic-Tac-TowUITests" */;
			buildPhases = (
				B230EAFF2A6185CA0037DA8B /* Sources */,
				B230EB002A6185CA0037DA8B /* Frameworks */,
				B230EB012A6185CA0037DA8B /* Resources */,
			);
			buildRules = (
			);
			dependencies = (
				B230EB052A6185CA0037DA8B /* PBXTargetDependency */,
			);
			name = "Tic-Tac-TowUITests";
			productName = "Tic-Tac-TowUITests";
			productReference = B230EB032A6185CA0037DA8B /* Tic-Tac-TowUITests.xctest */;
			productType = "com.apple.product-type.bundle.ui-testing";
		};
/* End PBXNativeTarget section */

/* Begin PBXProject section */
		B230EAE12A6185C90037DA8B /* Project object */ = {
			isa = PBXProject;
			attributes = {
				BuildIndependentTargetsInParallel = 1;
				LastSwiftUpdateCheck = 1430;
				LastUpgradeCheck = 1430;
				TargetAttributes = {
					B230EAE82A6185C90037DA8B = {
						CreatedOnToolsVersion = 14.3.1;
					};
					B230EAF82A6185CA0037DA8B = {
						CreatedOnToolsVersion = 14.3.1;
						TestTargetID = B230EAE82A6185C90037DA8B;
					};
					B230EB022A6185CA0037DA8B = {
						CreatedOnToolsVersion = 14.3.1;
						TestTargetID = B230EAE82A6185C90037DA8B;
					};
				};
			};
			buildConfigurationList = B230EAE42A6185C90037DA8B /* Build configuration list for PBXProject "Tic-Tac-Tow" */;
			compatibilityVersion = "Xcode 14.0";
			developmentRegion = en;
			hasScannedForEncodings = 0;
			knownRegions = (
				en,
				Base,
			);
			mainGroup = B230EAE02A6185C90037DA8B;
			productRefGroup = B230EAEA2A6185C90037DA8B /* Products */;
			projectDirPath = "";
			projectRoot = "";
			targets = (
				B230EAE82A6185C90037DA8B /* Tic-Tac-Tow */,
				B230EAF82A6185CA0037DA8B /* Tic-Tac-TowTests */,
				B230EB022A6185CA0037DA8B /* Tic-Tac-TowUITests */,
			);
		};
/* End PBXProject section */

/* Begin PBXResourcesBuildPhase section */
		B230EAE72A6185C90037DA8B /* Resources */ = {
			isa = PBXResourcesBuildPhase;
			buildActionMask = 2147483647;
			files = (
				B230EAF42A6185CA0037DA8B /* Preview Assets.xcassets in Resources */,
				B230EAF12A6185CA0037DA8B /* Assets.xcassets in Resources */,
			);
			runOnlyForDeploymentPostprocessing = 0;
		};
		B230EAF72A6185CA0037DA8B /* Resources */ = {
			isa = PBXResourcesBuildPhase;
			buildActionMask = 2147483647;
			files = (
			);
			runOnlyForDeploymentPostprocessing = 0;
		};
		B230EB012A6185CA0037DA8B /* Resources */ = {
			isa = PBXResourcesBuildPhase;
			buildActionMask = 2147483647;
			files = (
			);
			runOnlyForDeploymentPostprocessing = 0;
		};
/* End PBXResourcesBuildPhase section */

/* Begin PBXSourcesBuildPhase section */
		B230EAE52A6185C90037DA8B /* Sources */ = {
			isa = PBXSourcesBuildPhase;
			buildActionMask = 2147483647;
			files = (
				B230EAEF2A6185C90037DA8B /* ContentView.swift in Sources */,
				B230EAED2A6185C90037DA8B /* Tic_Tac_TowApp.swift in Sources */,
			);
			runOnlyForDeploymentPostprocessing = 0;
		};
		B230EAF52A6185CA0037DA8B /* Sources */ = {
			isa = PBXSourcesBuildPhase;
			buildActionMask = 2147483647;
			files = (
				B230EAFE2A6185CA0037DA8B /* Tic_Tac_TowTests.swift in Sources */,
			);
			runOnlyForDeploymentPostprocessing = 0;
		};
		B230EAFF2A6185CA0037DA8B /* Sources */ = {
			isa = PBXSourcesBuildPhase;
			buildActionMask = 2147483647;
			files = (
				B230EB082A6185CA0037DA8B /* Tic_Tac_TowUITests.swift in Sources */,
				B230EB0A2A6185CA0037DA8B /* Tic_Tac_TowUITestsLaunchTests.swift in Sources */,
			);
			runOnlyForDeploymentPostprocessing = 0;
		};
/* End PBXSourcesBuildPhase section */

/* Begin PBXTargetDependency section */
		B230EAFB2A6185CA0037DA8B /* PBXTargetDependency */ = {
			isa = PBXTargetDependency;
			target = B230EAE82A6185C90037DA8B /* Tic-Tac-Tow */;
			targetProxy = B230EAFA2A6185CA0037DA8B /* PBXContainerItemProxy */;
		};
		B230EB052A6185CA0037DA8B /* PBXTargetDependency */ = {
			isa = PBXTargetDependency;
			target = B230EAE82A6185C90037DA8B /* Tic-Tac-Tow */;
			targetProxy = B230EB042A6185CA0037DA8B /* PBXContainerItemProxy */;
		};
/* End PBXTargetDependency section */

/* Begin XCBuildConfiguration section */
		B230EB0B2A6185CA0037DA8B /* Debug */ = {
			isa = XCBuildConfiguration;
			buildSettings = {
				ALWAYS_SEARCH_USER_PATHS = NO;
				CLANG_ANALYZER_NONNULL = YES;
				CLANG_ANALYZER_NUMBER_OBJECT_CONVERSION = YES_AGGRESSIVE;
				CLANG_CXX_LANGUAGE_STANDARD = "gnu++20";
				CLANG_ENABLE_MODULES = YES;
				CLANG_ENABLE_OBJC_ARC = YES;
				CLANG_ENABLE_OBJC_WEAK = YES;
				CLANG_WARN_BLOCK_CAPTURE_AUTORELEASING = YES;
				CLANG_WARN_BOOL_CONVERSION = YES;
				CLANG_WARN_COMMA = YES;
				CLANG_WARN_CONSTANT_CONVERSION = YES;
				CLANG_WARN_DEPRECATED_OBJC_IMPLEMENTATIONS = YES;
				CLANG_WARN_DIRECT_OBJC_ISA_USAGE = YES_ERROR;
				CLANG_WARN_DOCUMENTATION_COMMENTS = YES;
				CLANG_WARN_EMPTY_BODY = YES;
				CLANG_WARN_ENUM_CONVERSION = YES;
				CLANG_WARN_INFINITE_RECURSION = YES;
				CLANG_WARN_INT_CONVERSION = YES;
				CLANG_WARN_NON_LITERAL_NULL_CONVERSION = YES;
				CLANG_WARN_OBJC_IMPLICIT_RETAIN_SELF = YES;
				CLANG_WARN_OBJC_LITERAL_CONVERSION = YES;
				CLANG_WARN_OBJC_ROOT_CLASS = YES_ERROR;
				CLANG_WARN_QUOTED_INCLUDE_IN_FRAMEWORK_HEADER = YES;
				CLANG_WARN_RANGE_LOOP_ANALYSIS = YES;
				CLANG_WARN_STRICT_PROTOTYPES = YES;
				CLANG_WARN_SUSPICIOUS_MOVE = YES;
				CLANG_WARN_UNGUARDED_AVAILABILITY = YES_AGGRESSIVE;
				CLANG_WARN_UNREACHABLE_CODE = YES;
				CLANG_WARN__DUPLICATE_METHOD_MATCH = YES;
				COPY_PHASE_STRIP = NO;
				DEBUG_INFORMATION_FORMAT = dwarf;
				ENABLE_STRICT_OBJC_MSGSEND = YES;
				ENABLE_TESTABILITY = YES;
				GCC_C_LANGUAGE_STANDARD = gnu11;
				GCC_DYNAMIC_NO_PIC = NO;
				GCC_NO_COMMON_BLOCKS = YES;
				GCC_OPTIMIZATION_LEVEL = 0;
				GCC_PREPROCESSOR_DEFINITIONS = (
					"DEBUG=1",
					"$(inherited)",
				);
				GCC_WARN_64_TO_32_BIT_CONVERSION = YES;
				GCC_WARN_ABOUT_RETURN_TYPE = YES_ERROR;
				GCC_WARN_UNDECLARED_SELECTOR = YES;
				GCC_WARN_UNINITIALIZED_AUTOS = YES_AGGRESSIVE;
				GCC_WARN_UNUSED_FUNCTION = YES;
				GCC_WARN_UNUSED_VARIABLE = YES;
				IPHONEOS_DEPLOYMENT_TARGET = 16.4;
				MTL_ENABLE_DEBUG_INFO = INCLUDE_SOURCE;
				MTL_FAST_MATH = YES;
				ONLY_ACTIVE_ARCH = YES;
				SDKROOT = iphoneos;
				SWIFT_ACTIVE_COMPILATION_CONDITIONS = DEBUG;
				SWIFT_OPTIMIZATION_LEVEL = "-Onone";
			};
			name = Debug;
		};
		B230EB0C2A6185CA0037DA8B /* Release */ = {
			isa = XCBuildConfiguration;
			buildSettings = {
				ALWAYS_SEARCH_USER_PATHS = NO;
				CLANG_ANALYZER_NONNULL = YES;
				CLANG_ANALYZER_NUMBER_OBJECT_CONVERSION = YES_AGGRESSIVE;
				CLANG_CXX_LANGUAGE_STANDARD = "gnu++20";
				CLANG_ENABLE_MODULES = YES;
				CLANG_ENABLE_OBJC_ARC = YES;
				CLANG_ENABLE_OBJC_WEAK = YES;
				CLANG_WARN_BLOCK_CAPTURE_AUTORELEASING = YES;
				CLANG_WARN_BOOL_CONVERSION = YES;
				CLANG_WARN_COMMA = YES;
				CLANG_WARN_CONSTANT_CONVERSION = YES;
				CLANG_WARN_DEPRECATED_OBJC_IMPLEMENTATIONS = YES;
				CLANG_WARN_DIRECT_OBJC_ISA_USAGE = YES_ERROR;
				CLANG_WARN_DOCUMENTATION_COMMENTS = YES;
				CLANG_WARN_EMPTY_BODY = YES;
				CLANG_WARN_ENUM_CONVERSION = YES;
				CLANG_WARN_INFINITE_RECURSION = YES;
				CLANG_WARN_INT_CONVERSION = YES;
				CLANG_WARN_NON_LITERAL_NULL_CONVERSION = YES;
				CLANG_WARN_OBJC_IMPLICIT_RETAIN_SELF = YES;
				CLANG_WARN_OBJC_LITERAL_CONVERSION = YES;
				CLANG_WARN_OBJC_ROOT_CLASS = YES_ERROR;
				CLANG_WARN_QUOTED_INCLUDE_IN_FRAMEWORK_HEADER = YES;
				CLANG_WARN_RANGE_LOOP_ANALYSIS = YES;
				CLANG_WARN_STRICT_PROTOTYPES = YES;
				CLANG_WARN_SUSPICIOUS_MOVE = YES;
				CLANG_WARN_UNGUARDED_AVAILABILITY = YES_AGGRESSIVE;
				CLANG_WARN_UNREACHABLE_CODE = YES;
				CLANG_WARN__DUPLICATE_METHOD_MATCH = YES;
				COPY_PHASE_STRIP = NO;
				DEBUG_INFORMATION_FORMAT = "dwarf-with-dsym";
				ENABLE_NS_ASSERTIONS = NO;
				ENABLE_STRICT_OBJC_MSGSEND = YES;
				GCC_C_LANGUAGE_STANDARD = gnu11;
				GCC_NO_COMMON_BLOCKS = YES;
				GCC_WARN_64_TO_32_BIT_CONVERSION = YES;
				GCC_WARN_ABOUT_RETURN_TYPE = YES_ERROR;
				GCC_WARN_UNDECLARED_SELECTOR = YES;
				GCC_WARN_UNINITIALIZED_AUTOS = YES_AGGRESSIVE;
				GCC_WARN_UNUSED_FUNCTION = YES;
				GCC_WARN_UNUSED_VARIABLE = YES;
				IPHONEOS_DEPLOYMENT_TARGET = 16.4;
				MTL_ENABLE_DEBUG_INFO = NO;
				MTL_FAST_MATH = YES;
				SDKROOT = iphoneos;
				SWIFT_COMPILATION_MODE = wholemodule;
				SWIFT_OPTIMIZATION_LEVEL = "-O";
				VALIDATE_PRODUCT = YES;
			};
			name = Release;
		};
		B230EB0E2A6185CA0037DA8B /* Debug */ = {
			isa = XCBuildConfiguration;
			buildSettings = {
				ASSETCATALOG_COMPILER_APPICON_NAME = AppIcon;
				ASSETCATALOG_COMPILER_GLOBAL_ACCENT_COLOR_NAME = AccentColor;
				CODE_SIGN_STYLE = Automatic;
				CURRENT_PROJECT_VERSION = 1;
				DEVELOPMENT_ASSET_PATHS = "\"Tic-Tac-Tow/Preview Content\"";
				ENABLE_PREVIEWS = YES;
				GENERATE_INFOPLIST_FILE = YES;
				INFOPLIST_KEY_UIApplicationSceneManifest_Generation = YES;
				INFOPLIST_KEY_UIApplicationSupportsIndirectInputEvents = YES;
				INFOPLIST_KEY_UILaunchScreen_Generation = YES;
				INFOPLIST_KEY_UISupportedInterfaceOrientations_iPad = "UIInterfaceOrientationPortrait UIInterfaceOrientationPortraitUpsideDown UIInterfaceOrientationLandscapeLeft UIInterfaceOrientationLandscapeRight";
				INFOPLIST_KEY_UISupportedInterfaceOrientations_iPhone = "UIInterfaceOrientationPortrait UIInterfaceOrientationLandscapeLeft UIInterfaceOrientationLandscapeRight";
				LD_RUNPATH_SEARCH_PATHS = (
					"$(inherited)",
					"@executable_path/Frameworks",
				);
				MARKETING_VERSION = 1.0;
				PRODUCT_BUNDLE_IDENTIFIER = "DeepitShah.Tic-Tac-Tow";
				PRODUCT_NAME = "$(TARGET_NAME)";
				SWIFT_EMIT_LOC_STRINGS = YES;
				SWIFT_VERSION = 5.0;
				TARGETED_DEVICE_FAMILY = "1,2";
			};
			name = Debug;
		};
		B230EB0F2A6185CA0037DA8B /* Release */ = {
			isa = XCBuildConfiguration;
			buildSettings = {
				ASSETCATALOG_COMPILER_APPICON_NAME = AppIcon;
				ASSETCATALOG_COMPILER_GLOBAL_ACCENT_COLOR_NAME = AccentColor;
				CODE_SIGN_STYLE = Automatic;
				CURRENT_PROJECT_VERSION = 1;
				DEVELOPMENT_ASSET_PATHS = "\"Tic-Tac-Tow/Preview Content\"";
				ENABLE_PREVIEWS = YES;
				GENERATE_INFOPLIST_FILE = YES;
				INFOPLIST_KEY_UIApplicationSceneManifest_Generation = YES;
				INFOPLIST_KEY_UIApplicationSupportsIndirectInputEvents = YES;
				INFOPLIST_KEY_UILaunchScreen_Generation = YES;
				INFOPLIST_KEY_UISupportedInterfaceOrientations_iPad = "UIInterfaceOrientationPortrait UIInterfaceOrientationPortraitUpsideDown UIInterfaceOrientationLandscapeLeft UIInterfaceOrientationLandscapeRight";
				INFOPLIST_KEY_UISupportedInterfaceOrientations_iPhone = "UIInterfaceOrientationPortrait UIInterfaceOrientationLandscapeLeft UIInterfaceOrientationLandscapeRight";
				LD_RUNPATH_SEARCH_PATHS = (
					"$(inherited)",
					"@executable_path/Frameworks",
				);
				MARKETING_VERSION = 1.0;
				PRODUCT_BUNDLE_IDENTIFIER = "DeepitShah.Tic-Tac-Tow";
				PRODUCT_NAME = "$(TARGET_NAME)";
				SWIFT_EMIT_LOC_STRINGS = YES;
				SWIFT_VERSION = 5.0;
				TARGETED_DEVICE_FAMILY = "1,2";
			};
			name = Release;
		};
		B230EB112A6185CA0037DA8B /* Debug */ = {
			isa = XCBuildConfiguration;
			buildSettings = {
				ALWAYS_EMBED_SWIFT_STANDARD_LIBRARIES = YES;
				BUNDLE_LOADER = "$(TEST_HOST)";
				CODE_SIGN_STYLE = Automatic;
				CURRENT_PROJECT_VERSION = 1;
				GENERATE_INFOPLIST_FILE = YES;
				IPHONEOS_DEPLOYMENT_TARGET = 16.4;
				MARKETING_VERSION = 1.0;
				PRODUCT_BUNDLE_IDENTIFIER = "DeepitShah.Tic-Tac-TowTests";
				PRODUCT_NAME = "$(TARGET_NAME)";
				SWIFT_EMIT_LOC_STRINGS = NO;
				SWIFT_VERSION = 5.0;
				TARGETED_DEVICE_FAMILY = "1,2";
				TEST_HOST = "$(BUILT_PRODUCTS_DIR)/Tic-Tac-Tow.app/$(BUNDLE_EXECUTABLE_FOLDER_PATH)/Tic-Tac-Tow";
			};
			name = Debug;
		};
		B230EB122A6185CA0037DA8B /* Release */ = {
			isa = XCBuildConfiguration;
			buildSettings = {
				ALWAYS_EMBED_SWIFT_STANDARD_LIBRARIES = YES;
				BUNDLE_LOADER = "$(TEST_HOST)";
				CODE_SIGN_STYLE = Automatic;
				CURRENT_PROJECT_VERSION = 1;
				GENERATE_INFOPLIST_FILE = YES;
				IPHONEOS_DEPLOYMENT_TARGET = 16.4;
				MARKETING_VERSION = 1.0;
				PRODUCT_BUNDLE_IDENTIFIER = "DeepitShah.Tic-Tac-TowTests";
				PRODUCT_NAME = "$(TARGET_NAME)";
				SWIFT_EMIT_LOC_STRINGS = NO;
				SWIFT_VERSION = 5.0;
				TARGETED_DEVICE_FAMILY = "1,2";
				TEST_HOST = "$(BUILT_PRODUCTS_DIR)/Tic-Tac-Tow.app/$(BUNDLE_EXECUTABLE_FOLDER_PATH)/Tic-Tac-Tow";
			};
			name = Release;
		};
		B230EB142A6185CA0037DA8B /* Debug */ = {
			isa = XCBuildConfiguration;
			buildSettings = {
				ALWAYS_EMBED_SWIFT_STANDARD_LIBRARIES = YES;
				CODE_SIGN_STYLE = Automatic;
				CURRENT_PROJECT_VERSION = 1;
				GENERATE_INFOPLIST_FILE = YES;
				MARKETING_VERSION = 1.0;
				PRODUCT_BUNDLE_IDENTIFIER = "DeepitShah.Tic-Tac-TowUITests";
				PRODUCT_NAME = "$(TARGET_NAME)";
				SWIFT_EMIT_LOC_STRINGS = NO;
				SWIFT_VERSION = 5.0;
				TARGETED_DEVICE_FAMILY = "1,2";
				TEST_TARGET_NAME = "Tic-Tac-Tow";
			};
			name = Debug;
		};
		B230EB152A6185CA0037DA8B /* Release */ = {
			isa = XCBuildConfiguration;
			buildSettings = {
				ALWAYS_EMBED_SWIFT_STANDARD_LIBRARIES = YES;
				CODE_SIGN_STYLE = Automatic;
				CURRENT_PROJECT_VERSION = 1;
				GENERATE_INFOPLIST_FILE = YES;
				MARKETING_VERSION = 1.0;
				PRODUCT_BUNDLE_IDENTIFIER = "DeepitShah.Tic-Tac-TowUITests";
				PRODUCT_NAME = "$(TARGET_NAME)";
				SWIFT_EMIT_LOC_STRINGS = NO;
				SWIFT_VERSION = 5.0;
				TARGETED_DEVICE_FAMILY = "1,2";
				TEST_TARGET_NAME = "Tic-Tac-Tow";
			};
			name = Release;
		};
/* End XCBuildConfiguration section */

/* Begin XCConfigurationList section */
		B230EAE42A6185C90037DA8B /* Build configuration list for PBXProject "Tic-Tac-Tow" */ = {
			isa = XCConfigurationList;
			buildConfigurations = (
				B230EB0B2A6185CA0037DA8B /* Debug */,
				B230EB0C2A6185CA0037DA8B /* Release */,
			);
			defaultConfigurationIsVisible = 0;
			defaultConfigurationName = Release;
		};
		B230EB0D2A6185CA0037DA8B /* Build configuration list for PBXNativeTarget "Tic-Tac-Tow" */ = {
			isa = XCConfigurationList;
			buildConfigurations = (
				B230EB0E2A6185CA0037DA8B /* Debug */,
				B230EB0F2A6185CA0037DA8B /* Release */,
			);
			defaultConfigurationIsVisible = 0;
			defaultConfigurationName = Release;
		};
		B230EB102A6185CA0037DA8B /* Build configuration list for PBXNativeTarget "Tic-Tac-TowTests" */ = {
			isa = XCConfigurationList;
			buildConfigurations = (
				B230EB112A6185CA0037DA8B /* Debug */,
				B230EB122A6185CA0037DA8B /* Release */,
			);
			defaultConfigurationIsVisible = 0;
			defaultConfigurationName = Release;
		};
		B230EB132A6185CA0037DA8B /* Build configuration list for PBXNativeTarget "Tic-Tac-TowUITests" */ = {
			isa = XCConfigurationList;
			buildConfigurations = (
				B230EB142A6185CA0037DA8B /* Debug */,
				B230EB152A6185CA0037DA8B /* Release */,
			);
			defaultConfigurationIsVisible = 0;
			defaultConfigurationName = Release;
		};
/* End XCConfigurationList section */
	};
	rootObject = B230EAE12A6185C90037DA8B /* Project object */;
}
